github.com/hydrogen18/stalecucumber v0.0.0-20180226003526-6de214d141dd h1:ULNa/hqzllTuY245P8JJ8XoaMebSNOEbNev99kQ7ufI=
github.com/hydrogen18/stalecucumber v0.0.0-20180226003526-6de214d141dd/go.mod h1:KE5xQoh/IqNckSFoQXL5o5nEkrBiUDxatgac7TSMQ8Y=
golang.org/x/crypto v0.11.0 h1:6Ewdq3tDic1mg5xRO4milcWCfMVQhI4NkqWWvqejpuA=
golang.org/x/crypto v0.11.0/go.mod h1:xgJhtzW8F9jGdVFWZESrid1U1bjeNy4zgy5cRr/CIio=
golang.org/x/crypto v0.48.0 h1:/VRzVqiRSggnhY7gNRxPauEQ5Drw9haKdM0jqfcCFts=
golang.org/x/crypto v0.48.0/go.mod h1:r0kV5h3qnFPlQnBSrULhlsRfryS2pmewsg+XfMgkVos=
golang.org/x/net v0.10.0 h1:X2//UzNDwYmtCLn7To6G58Wr6f5ahEAQgKNzv9Y951M=
golang.org/x/net v0.10.0/go.mod h1:0qNGK6F8kojg2nk9dLZ2mShWaEBan6FAoqfSigmmuDg=
golang.org/x/net v0.51.0 h1:94R/GTO7mt3/4wIKpcR5gkGmRLOuE/2hNGeWq/GBIFo=
golang.org/x/net v0.51.0/go.mod h1:aamm+2QF5ogm02fjy5Bb7CQ0WMt1/WVM7FtyaTLlA9Y=
software.sslmate.com/src/go-pkcs12 v0.7.0 h1:Db8W44cB54TWD7stUFFSWxdfpdn6fZVcDl0w3R4RVM0=
software.sslmate.com/src/go-pkcs12 v0.7.0/go.mod h1:Qiz0EyvDRJjjxGyUQa2cCNZn/wMyzrRJ/qcDXOQazLI=
